
Microsoft Visual Studio Solution File, Format Version 12.00
# Visual Studio Version 17
VisualStudioVersion = 17.2.32630.192
MinimumVisualStudioVersion = 10.0.40219.1
Project("{FAE04EC0-301F-11D3-BF4B-00C04F79EFBC}") = "HotelListing", "HotelListing\HotelListing.csproj", "{0766E247-4F99-4B91-B83A-8F05B77B4AFF}"
EndProject
Global
	GlobalSection(SolutionConfigurationPlatforms) = preSolution
		Debug|Any CPU = Debug|Any CPU
		Release|Any CPU = Release|Any CPU
	EndGlobalSection
	GlobalSection(ProjectConfigurationPlatforms) = postSolution
		{0766E247-4F99-4B91-B83A-8F05B77B4AFF}.Debug|Any CPU.ActiveCfg = Debug|Any CPU
		{0766E247-4F99-4B91-B83A-8F05B77B4AFF}.Debug|Any CPU.Build.0 = Debug|Any CPU
		{0766E247-4F99-4B91-B83A-8F05B77B4AFF}.Release|Any CPU.ActiveCfg = Release|Any CPU
		{0766E247-4F99-4B91-B83A-8F05B77B4AFF}.Release|Any CPU.Build.0 = Release|Any CPU
	EndGlobalSection
	GlobalSection(SolutionProperties) = preSolution
		HideSolutionNode = FALSE
	EndGlobalSection
	GlobalSection(ExtensibilityGlobals) = postSolution
		SolutionGuid = {18F53EF2-041B-4131-9489-AB0BCF165F7A}
	EndGlobalSection
EndGlobal
